Microsoft Visual Studio Solution File, Format Version 12.00
# Visual Studio Version 17
VisualStudioVersion = 17.8.34316.72
MinimumVisualStudioVersion = 16.0.0.0
Project("{9A19103F-16F7-4668-BE54-9A1E7A4F7556}") = "MaterialAssetCompilersBuildDependency.Windows", "MaterialAssetCompilersBuildDependency.Windows\MaterialAssetCompilersBuildDependency.Windows.csproj", "{03C656A4-0478-4544-BFB8-39282F254854}"
EndProject
Project("{9A19103F-16F7-4668-BE54-9A1E7A4F7556}") = "MaterialAssetCompilersBuildDependency", "MaterialAssetCompilersBuildDependency\MaterialAssetCompilersBuildDependency.csproj", "{E7C46F85-9F13-498D-8DC3-2978091591DE}"
EndProject
Global
	GlobalSection(SolutionConfigurationPlatforms) = preSolution
		Debug|Any CPU = Debug|Any CPU
		Release|Any CPU = Release|Any CPU
	EndGlobalSection
	GlobalSection(ProjectConfigurationPlatforms) = postSolution
		{03C656A4-0478-4544-BFB8-39282F254854}.Debug|Any CPU.ActiveCfg = Debug|Any CPU
		{03C656A4-0478-4544-BFB8-39282F254854}.Debug|Any CPU.Build.0 = Debug|Any CPU
		{03C656A4-0478-4544-BFB8-39282F254854}.Release|Any CPU.ActiveCfg = Release|Any CPU
		{03C656A4-0478-4544-BFB8-39282F254854}.Release|Any CPU.Build.0 = Release|Any CPU
		{E7C46F85-9F13-498D-8DC3-2978091591DE}.Debug|Any CPU.ActiveCfg = Debug|Any CPU
		{E7C46F85-9F13-498D-8DC3-2978091591DE}.Debug|Any CPU.Build.0 = Debug|Any CPU
		{E7C46F85-9F13-498D-8DC3-2978091591DE}.Release|Any CPU.ActiveCfg = Release|Any CPU
		{E7C46F85-9F13-498D-8DC3-2978091591DE}.Release|Any CPU.Build.0 = Release|Any CPU
	EndGlobalSection
	GlobalSection(SolutionProperties) = preSolution
		HideSolutionNode = FALSE
	EndGlobalSection
EndGlobal
